// !$*UTF8*$!
{
	archiveVersion = 1;
	classes = {
	};
	objectVersion = 56;
	objects = {

/* Begin PBXBuildFile section */
		6D03B2182C45446D00C184F4 /* ComplexUIApp.swift in Sources */ = {isa = PBXBuildFile; fileRef = 6D03B2172C45446D00C184F4 /* ComplexUIApp.swift */; };
		6D03B21A2C45446D00C184F4 /* ContentView.swift in Sources */ = {isa = PBXBuildFile; fileRef = 6D03B2192C45446D00C184F4 /* ContentView.swift */; };
		6D03B21C2C45446F00C184F4 /* Assets.xcassets in Resources */ = {isa = PBXBuildFile; fileRef = 6D03B21B2C45446F00C184F4 /* Assets.xcassets */; };
		6D03B21F2C45446F00C184F4 /* Preview Assets.xcassets in Resources */ = {isa = PBXBuildFile; fileRef = 6D03B21E2C45446F00C184F4 /* Preview Assets.xcassets */; };
		6D03B2292C45478E00C184F4 /* Home.swift in Sources */ = {isa = PBXBuildFile; fileRef = 6D03B2282C45478E00C184F4 /* Home.swift */; };
		6D03B22B2C454AAF00C184F4 /* CustomShape.swift in Sources */ = {isa = PBXBuildFile; fileRef = 6D03B22A2C454AAF00C184F4 /* CustomShape.swift */; };
		6D03B22D2C456B3D00C184F4 /* ServerViewModel.swift in Sources */ = {isa = PBXBuildFile; fileRef = 6D03B22C2C456B3D00C184F4 /* ServerViewModel.swift */; };
		6D03B22F2C456B6C00C184F4 /* Server.swift in Sources */ = {isa = PBXBuildFile; fileRef = 6D03B22E2C456B6C00C184F4 /* Server.swift */; };
		6D03B2312C456D7C00C184F4 /* CardView.swift in Sources */ = {isa = PBXBuildFile; fileRef = 6D03B2302C456D7C00C184F4 /* CardView.swift */; };
		6D03B2332C456E1200C184F4 /* BlurView.swift in Sources */ = {isa = PBXBuildFile; fileRef = 6D03B2322C456E1200C184F4 /* BlurView.swift */; };
		6D03B2352C45733600C184F4 /* BottomSheet.swift in Sources */ = {isa = PBXBuildFile; fileRef = 6D03B2342C45733600C184F4 /* BottomSheet.swift */; };
		6D03B2372C45756A00C184F4 /* CustomCorner.swift in Sources */ = {isa = PBXBuildFile; fileRef = 6D03B2362C45756A00C184F4 /* CustomCorner.swift */; };
/* End PBXBuildFile section */

/* Begin PBXFileReference section */
		6D03B2142C45446D00C184F4 /* ComplexUI.app */ = {isa = PBXFileReference; explicitFileType = wrapper.application; includeInIndex = 0; path = ComplexUI.app; sourceTree = BUILT_PRODUCTS_DIR; };
		6D03B2172C45446D00C184F4 /* ComplexUIApp.swift */ = {isa = PBXFileReference; lastKnownFileType = sourcecode.swift; path = ComplexUIApp.swift; sourceTree = "<group>"; };
		6D03B2192C45446D00C184F4 /* ContentView.swift */ = {isa = PBXFileReference; lastKnownFileType = sourcecode.swift; path = ContentView.swift; sourceTree = "<group>"; };
		6D03B21B2C45446F00C184F4 /* Assets.xcassets */ = {isa = PBXFileReference; lastKnownFileType = folder.assetcatalog; path = Assets.xcassets; sourceTree = "<group>"; };
		6D03B21E2C45446F00C184F4 /* Preview Assets.xcassets */ = {isa = PBXFileReference; lastKnownFileType = folder.assetcatalog; path = "Preview Assets.xcassets"; sourceTree = "<group>"; };
		6D03B2282C45478E00C184F4 /* Home.swift */ = {isa = PBXFileReference; lastKnownFileType = sourcecode.swift; path = Home.swift; sourceTree = "<group>"; };
		6D03B22A2C454AAF00C184F4 /* CustomShape.swift */ = {isa = PBXFileReference; lastKnownFileType = sourcecode.swift; path = CustomShape.swift; sourceTree = "<group>"; };
		6D03B22C2C456B3D00C184F4 /* ServerViewModel.swift */ = {isa = PBXFileReference; lastKnownFileType = sourcecode.swift; path = ServerViewModel.swift; sourceTree = "<group>"; };
		6D03B22E2C456B6C00C184F4 /* Server.swift */ = {isa = PBXFileReference; lastKnownFileType = sourcecode.swift; path = Server.swift; sourceTree = "<group>"; };
		6D03B2302C456D7C00C184F4 /* CardView.swift */ = {isa = PBXFileReference; lastKnownFileType = sourcecode.swift; path = CardView.swift; sourceTree = "<group>"; };
		6D03B2322C456E1200C184F4 /* BlurView.swift */ = {isa = PBXFileReference; lastKnownFileType = sourcecode.swift; path = BlurView.swift; sourceTree = "<group>"; };
		6D03B2342C45733600C184F4 /* BottomSheet.swift */ = {isa = PBXFileReference; lastKnownFileType = sourcecode.swift; path = BottomSheet.swift; sourceTree = "<group>"; };
		6D03B2362C45756A00C184F4 /* CustomCorner.swift */ = {isa = PBXFileReference; lastKnownFileType = sourcecode.swift; path = CustomCorner.swift; sourceTree = "<group>"; };
/* End PBXFileReference section */

/* Begin PBXFrameworksBuildPhase section */
		6D03B2112C45446D00C184F4 /* Frameworks */ = {
			isa = PBXFrameworksBuildPhase;
			buildActionMask = 2147483647;
			files = (
			);
			runOnlyForDeploymentPostprocessing = 0;
		};
/* End PBXFrameworksBuildPhase section */

/* Begin PBXGroup section */
		6D03B20B2C45446D00C184F4 = {
			isa = PBXGroup;
			children = (
				6D03B2162C45446D00C184F4 /* ComplexUI */,
				6D03B2152C45446D00C184F4 /* Products */,
			);
			sourceTree = "<group>";
		};
		6D03B2152C45446D00C184F4 /* Products */ = {
			isa = PBXGroup;
			children = (
				6D03B2142C45446D00C184F4 /* ComplexUI.app */,
			);
			name = Products;
			sourceTree = "<group>";
		};
		6D03B2162C45446D00C184F4 /* ComplexUI */ = {
			isa = PBXGroup;
			children = (
				6D03B2272C45477800C184F4 /* Model */,
				6D03B2262C45477200C184F4 /* ViewModel */,
				6D03B2252C45476C00C184F4 /* View */,
				6D03B2172C45446D00C184F4 /* ComplexUIApp.swift */,
				6D03B2192C45446D00C184F4 /* ContentView.swift */,
				6D03B21B2C45446F00C184F4 /* Assets.xcassets */,
				6D03B21D2C45446F00C184F4 /* Preview Content */,
			);
			path = ComplexUI;
			sourceTree = "<group>";
		};
		6D03B21D2C45446F00C184F4 /* Preview Content */ = {
			isa = PBXGroup;
			children = (
				6D03B21E2C45446F00C184F4 /* Preview Assets.xcassets */,
			);
			path = "Preview Content";
			sourceTree = "<group>";
		};
		6D03B2252C45476C00C184F4 /* View */ = {
			isa = PBXGroup;
			children = (
				6D03B2282C45478E00C184F4 /* Home.swift */,
				6D03B22A2C454AAF00C184F4 /* CustomShape.swift */,
				6D03B2302C456D7C00C184F4 /* CardView.swift */,
				6D03B2322C456E1200C184F4 /* BlurView.swift */,
				6D03B2342C45733600C184F4 /* BottomSheet.swift */,
				6D03B2362C45756A00C184F4 /* CustomCorner.swift */,
			);
			path = View;
			sourceTree = "<group>";
		};
		6D03B2262C45477200C184F4 /* ViewModel */ = {
			isa = PBXGroup;
			children = (
				6D03B22C2C456B3D00C184F4 /* ServerViewModel.swift */,
			);
			path = ViewModel;
			sourceTree = "<group>";
		};
		6D03B2272C45477800C184F4 /* Model */ = {
			isa = PBXGroup;
			children = (
				6D03B22E2C456B6C00C184F4 /* Server.swift */,
			);
			path = Model;
			sourceTree = "<group>";
		};
/* End PBXGroup section */

/* Begin PBXNativeTarget section */
		6D03B2132C45446D00C184F4 /* ComplexUI */ = {
			isa = PBXNativeTarget;
			buildConfigurationList = 6D03B2222C45446F00C184F4 /* Build configuration list for PBXNativeTarget "ComplexUI" */;
			buildPhases = (
				6D03B2102C45446D00C184F4 /* Sources */,
				6D03B2112C45446D00C184F4 /* Frameworks */,
				6D03B2122C45446D00C184F4 /* Resources */,
			);
			buildRules = (
			);
			dependencies = (
			);
			name = ComplexUI;
			productName = ComplexUI;
			productReference = 6D03B2142C45446D00C184F4 /* ComplexUI.app */;
			productType = "com.apple.product-type.application";
		};
/* End PBXNativeTarget section */

/* Begin PBXProject section */
		6D03B20C2C45446D00C184F4 /* Project object */ = {
			isa = PBXProject;
			attributes = {
				BuildIndependentTargetsInParallel = 1;
				LastSwiftUpdateCheck = 1540;
				LastUpgradeCheck = 1540;
				TargetAttributes = {
					6D03B2132C45446D00C184F4 = {
						CreatedOnToolsVersion = 15.4;
					};
				};
			};
			buildConfigurationList = 6D03B20F2C45446D00C184F4 /* Build configuration list for PBXProject "ComplexUI" */;
			compatibilityVersion = "Xcode 14.0";
			developmentRegion = en;
			hasScannedForEncodings = 0;
			knownRegions = (
				en,
				Base,
			);
			mainGroup = 6D03B20B2C45446D00C184F4;
			productRefGroup = 6D03B2152C45446D00C184F4 /* Products */;
			projectDirPath = "";
			projectRoot = "";
			targets = (
				6D03B2132C45446D00C184F4 /* ComplexUI */,
			);
		};
/* End PBXProject section */

/* Begin PBXResourcesBuildPhase section */
		6D03B2122C45446D00C184F4 /* Resources */ = {
			isa = PBXResourcesBuildPhase;
			buildActionMask = 2147483647;
			files = (
				6D03B21F2C45446F00C184F4 /* Preview Assets.xcassets in Resources */,
				6D03B21C2C45446F00C184F4 /* Assets.xcassets in Resources */,
			);
			runOnlyForDeploymentPostprocessing = 0;
		};
/* End PBXResourcesBuildPhase section */

/* Begin PBXSourcesBuildPhase section */
		6D03B2102C45446D00C184F4 /* Sources */ = {
			isa = PBXSourcesBuildPhase;
			buildActionMask = 2147483647;
			files = (
				6D03B2312C456D7C00C184F4 /* CardView.swift in Sources */,
				6D03B2372C45756A00C184F4 /* CustomCorner.swift in Sources */,
				6D03B2352C45733600C184F4 /* BottomSheet.swift in Sources */,
				6D03B2332C456E1200C184F4 /* BlurView.swift in Sources */,
				6D03B22B2C454AAF00C184F4 /* CustomShape.swift in Sources */,
				6D03B21A2C45446D00C184F4 /* ContentView.swift in Sources */,
				6D03B2292C45478E00C184F4 /* Home.swift in Sources */,
				6D03B22D2C456B3D00C184F4 /* ServerViewModel.swift in Sources */,
				6D03B22F2C456B6C00C184F4 /* Server.swift in Sources */,
				6D03B2182C45446D00C184F4 /* ComplexUIApp.swift in Sources */,
			);
			runOnlyForDeploymentPostprocessing = 0;
		};
/* End PBXSourcesBuildPhase section */

/* Begin XCBuildConfiguration section */
		6D03B2202C45446F00C184F4 /* Debug */ = {
			isa = XCBuildConfiguration;
			buildSettings = {
				ALWAYS_SEARCH_USER_PATHS = NO;
				ASSETCATALOG_COMPILER_GENERATE_SWIFT_ASSET_SYMBOL_EXTENSIONS = YES;
				CLANG_ANALYZER_NONNULL = YES;
				CLANG_ANALYZER_NUMBER_OBJECT_CONVERSION = YES_AGGRESSIVE;
				CLANG_CXX_LANGUAGE_STANDARD = "gnu++20";
				CLANG_ENABLE_MODULES = YES;
				CLANG_ENABLE_OBJC_ARC = YES;
				CLANG_ENABLE_OBJC_WEAK = YES;
				CLANG_WARN_BLOCK_CAPTURE_AUTORELEASING = YES;
				CLANG_WARN_BOOL_CONVERSION = YES;
				CLANG_WARN_COMMA = YES;
				CLANG_WARN_CONSTANT_CONVERSION = YES;
				CLANG_WARN_DEPRECATED_OBJC_IMPLEMENTATIONS = YES;
				CLANG_WARN_DIRECT_OBJC_ISA_USAGE = YES_ERROR;
				CLANG_WARN_DOCUMENTATION_COMMENTS = YES;
				CLANG_WARN_EMPTY_BODY = YES;
				CLANG_WARN_ENUM_CONVERSION = YES;
				CLANG_WARN_INFINITE_RECURSION = YES;
				CLANG_WARN_INT_CONVERSION = YES;
				CLANG_WARN_NON_LITERAL_NULL_CONVERSION = YES;
				CLANG_WARN_OBJC_IMPLICIT_RETAIN_SELF = YES;
				CLANG_WARN_OBJC_LITERAL_CONVERSION = YES;
				CLANG_WARN_OBJC_ROOT_CLASS = YES_ERROR;
				CLANG_WARN_QUOTED_INCLUDE_IN_FRAMEWORK_HEADER = YES;
				CLANG_WARN_RANGE_LOOP_ANALYSIS = YES;
				CLANG_WARN_STRICT_PROTOTYPES = YES;
				CLANG_WARN_SUSPICIOUS_MOVE = YES;
				CLANG_WARN_UNGUARDED_AVAILABILITY = YES_AGGRESSIVE;
				CLANG_WARN_UNREACHABLE_CODE = YES;
				CLANG_WARN__DUPLICATE_METHOD_MATCH = YES;
				COPY_PHASE_STRIP = NO;
				DEBUG_INFORMATION_FORMAT = dwarf;
				ENABLE_STRICT_OBJC_MSGSEND = YES;
				ENABLE_TESTABILITY = YES;
				ENABLE_USER_SCRIPT_SANDBOXING = YES;
				GCC_C_LANGUAGE_STANDARD = gnu17;
				GCC_DYNAMIC_NO_PIC = NO;
				GCC_NO_COMMON_BLOCKS = YES;
				GCC_OPTIMIZATION_LEVEL = 0;
				GCC_PREPROCESSOR_DEFINITIONS = (
					"DEBUG=1",
					"$(inherited)",
				);
				GCC_WARN_64_TO_32_BIT_CONVERSION = YES;
				GCC_WARN_ABOUT_RETURN_TYPE = YES_ERROR;
				GCC_WARN_UNDECLARED_SELECTOR = YES;
				GCC_WARN_UNINITIALIZED_AUTOS = YES_AGGRESSIVE;
				GCC_WARN_UNUSED_FUNCTION = YES;
				GCC_WARN_UNUSED_VARIABLE = YES;
				IPHONEOS_DEPLOYMENT_TARGET = 17.5;
				LOCALIZATION_PREFERS_STRING_CATALOGS = YES;
				MTL_ENABLE_DEBUG_INFO = INCLUDE_SOURCE;
				MTL_FAST_MATH = YES;
				ONLY_ACTIVE_ARCH = YES;
				SDKROOT = iphoneos;
				SWIFT_ACTIVE_COMPILATION_CONDITIONS = "DEBUG $(inherited)";
				SWIFT_OPTIMIZATION_LEVEL = "-Onone";
			};
			name = Debug;
		};
		6D03B2212C45446F00C184F4 /* Release */ = {
			isa = XCBuildConfiguration;
			buildSettings = {
				ALWAYS_SEARCH_USER_PATHS = NO;
				ASSETCATALOG_COMPILER_GENERATE_SWIFT_ASSET_SYMBOL_EXTENSIONS = YES;
				CLANG_ANALYZER_NONNULL = YES;
				CLANG_ANALYZER_NUMBER_OBJECT_CONVERSION = YES_AGGRESSIVE;
				CLANG_CXX_LANGUAGE_STANDARD = "gnu++20";
				CLANG_ENABLE_MODULES = YES;
				CLANG_ENABLE_OBJC_ARC = YES;
				CLANG_ENABLE_OBJC_WEAK = YES;
				CLANG_WARN_BLOCK_CAPTURE_AUTORELEASING = YES;
				CLANG_WARN_BOOL_CONVERSION = YES;
				CLANG_WARN_COMMA = YES;
				CLANG_WARN_CONSTANT_CONVERSION = YES;
				CLANG_WARN_DEPRECATED_OBJC_IMPLEMENTATIONS = YES;
				CLANG_WARN_DIRECT_OBJC_ISA_USAGE = YES_ERROR;
				CLANG_WARN_DOCUMENTATION_COMMENTS = YES;
				CLANG_WARN_EMPTY_BODY = YES;
				CLANG_WARN_ENUM_CONVERSION = YES;
				CLANG_WARN_INFINITE_RECURSION = YES;
				CLANG_WARN_INT_CONVERSION = YES;
				CLANG_WARN_NON_LITERAL_NULL_CONVERSION = YES;
				CLANG_WARN_OBJC_IMPLICIT_RETAIN_SELF = YES;
				CLANG_WARN_OBJC_LITERAL_CONVERSION = YES;
				CLANG_WARN_OBJC_ROOT_CLASS = YES_ERROR;
				CLANG_WARN_QUOTED_INCLUDE_IN_FRAMEWORK_HEADER = YES;
				CLANG_WARN_RANGE_LOOP_ANALYSIS = YES;
				CLANG_WARN_STRICT_PROTOTYPES = YES;
				CLANG_WARN_SUSPICIOUS_MOVE = YES;
				CLANG_WARN_UNGUARDED_AVAILABILITY = YES_AGGRESSIVE;
				CLANG_WARN_UNREACHABLE_CODE = YES;
				CLANG_WARN__DUPLICATE_METHOD_MATCH = YES;
				COPY_PHASE_STRIP = NO;
				DEBUG_INFORMATION_FORMAT = "dwarf-with-dsym";
				ENABLE_NS_ASSERTIONS = NO;
				ENABLE_STRICT_OBJC_MSGSEND = YES;
				ENABLE_USER_SCRIPT_SANDBOXING = YES;
				GCC_C_LANGUAGE_STANDARD = gnu17;
				GCC_NO_COMMON_BLOCKS = YES;
				GCC_WARN_64_TO_32_BIT_CONVERSION = YES;
				GCC_WARN_ABOUT_RETURN_TYPE = YES_ERROR;
				GCC_WARN_UNDECLARED_SELECTOR = YES;
				GCC_WARN_UNINITIALIZED_AUTOS = YES_AGGRESSIVE;
				GCC_WARN_UNUSED_FUNCTION = YES;
				GCC_WARN_UNUSED_VARIABLE = YES;
				IPHONEOS_DEPLOYMENT_TARGET = 17.5;
				LOCALIZATION_PREFERS_STRING_CATALOGS = YES;
				MTL_ENABLE_DEBUG_INFO = NO;
				MTL_FAST_MATH = YES;
				SDKROOT = iphoneos;
				SWIFT_COMPILATION_MODE = wholemodule;
				VALIDATE_PRODUCT = YES;
			};
			name = Release;
		};
		6D03B2232C45446F00C184F4 /* Debug */ = {
			isa = XCBuildConfiguration;
			buildSettings = {
				ASSETCATALOG_COMPILER_APPICON_NAME = AppIcon;
				ASSETCATALOG_COMPILER_GLOBAL_ACCENT_COLOR_NAME = AccentColor;
				CODE_SIGN_STYLE = Automatic;
				CURRENT_PROJECT_VERSION = 1;
				DEVELOPMENT_ASSET_PATHS = "\"ComplexUI/Preview Content\"";
				DEVELOPMENT_TEAM = 648JG79GLR;
				ENABLE_PREVIEWS = YES;
				GENERATE_INFOPLIST_FILE = YES;
				INFOPLIST_KEY_UIApplicationSceneManifest_Generation = YES;
				INFOPLIST_KEY_UIApplicationSupportsIndirectInputEvents = YES;
				INFOPLIST_KEY_UILaunchScreen_Generation = YES;
				INFOPLIST_KEY_UISupportedInterfaceOrientations_iPad = "UIInterfaceOrientationPortrait UIInterfaceOrientationPortraitUpsideDown UIInterfaceOrientationLandscapeLeft UIInterfaceOrientationLandscapeRight";
				INFOPLIST_KEY_UISupportedInterfaceOrientations_iPhone = "UIInterfaceOrientationPortrait UIInterfaceOrientationLandscapeLeft UIInterfaceOrientationLandscapeRight";
				LD_RUNPATH_SEARCH_PATHS = (
					"$(inherited)",
					"@executable_path/Frameworks",
				);
				MARKETING_VERSION = 1.0;
				PRODUCT_BUNDLE_IDENTIFIER = com.edgar.ComplexUI;
				PRODUCT_NAME = "$(TARGET_NAME)";
				SWIFT_EMIT_LOC_STRINGS = YES;
				SWIFT_VERSION = 5.0;
				TARGETED_DEVICE_FAMILY = "1,2";
			};
			name = Debug;
		};
		6D03B2242C45446F00C184F4 /* Release */ = {
			isa = XCBuildConfiguration;
			buildSettings = {
				ASSETCATALOG_COMPILER_APPICON_NAME = AppIcon;
				ASSETCATALOG_COMPILER_GLOBAL_ACCENT_COLOR_NAME = AccentColor;
				CODE_SIGN_STYLE = Automatic;
				CURRENT_PROJECT_VERSION = 1;
				DEVELOPMENT_ASSET_PATHS = "\"ComplexUI/Preview Content\"";
				DEVELOPMENT_TEAM = 648JG79GLR;
				ENABLE_PREVIEWS = YES;
				GENERATE_INFOPLIST_FILE = YES;
				INFOPLIST_KEY_UIApplicationSceneManifest_Generation = YES;
				INFOPLIST_KEY_UIApplicationSupportsIndirectInputEvents = YES;
				INFOPLIST_KEY_UILaunchScreen_Generation = YES;
				INFOPLIST_KEY_UISupportedInterfaceOrientations_iPad = "UIInterfaceOrientationPortrait UIInterfaceOrientationPortraitUpsideDown UIInterfaceOrientationLandscapeLeft UIInterfaceOrientationLandscapeRight";
				INFOPLIST_KEY_UISupportedInterfaceOrientations_iPhone = "UIInterfaceOrientationPortrait UIInterfaceOrientationLandscapeLeft UIInterfaceOrientationLandscapeRight";
				LD_RUNPATH_SEARCH_PATHS = (
					"$(inherited)",
					"@executable_path/Frameworks",
				);
				MARKETING_VERSION = 1.0;
				PRODUCT_BUNDLE_IDENTIFIER = com.edgar.ComplexUI;
				PRODUCT_NAME = "$(TARGET_NAME)";
				SWIFT_EMIT_LOC_STRINGS = YES;
				SWIFT_VERSION = 5.0;
				TARGETED_DEVICE_FAMILY = "1,2";
			};
			name = Release;
		};
/* End XCBuildConfiguration section */

/* Begin XCConfigurationList section */
		6D03B20F2C45446D00C184F4 /* Build configuration list for PBXProject "ComplexUI" */ = {
			isa = XCConfigurationList;
			buildConfigurations = (
				6D03B2202C45446F00C184F4 /* Debug */,
				6D03B2212C45446F00C184F4 /* Release */,
			);
			defaultConfigurationIsVisible = 0;
			defaultConfigurationName = Release;
		};
		6D03B2222C45446F00C184F4 /* Build configuration list for PBXNativeTarget "ComplexUI" */ = {
			isa = XCConfigurationList;
			buildConfigurations = (
				6D03B2232C45446F00C184F4 /* Debug */,
				6D03B2242C45446F00C184F4 /* Release */,
			);
			defaultConfigurationIsVisible = 0;
			defaultConfigurationName = Release;
		};
/* End XCConfigurationList section */
	};
	rootObject = 6D03B20C2C45446D00C184F4 /* Project object */;
}
